
Microsoft Visual Studio Solution File, Format Version 12.00
# Visual Studio Version 17
VisualStudioVersion = 17.3.32819.101
MinimumVisualStudioVersion = 10.0.40219.1
Project("{2150E333-8FDC-42A3-9474-1A3956D46DE8}") = "Pagamentos", "Pagamentos", "{415555FE-4CF0-4E12-9360-F2DF909748DB}"
EndProject
Project("{2150E333-8FDC-42A3-9474-1A3956D46DE8}") = "1 - Servicos", "1 - Servicos", "{BC16823B-761D-4865-8B3C-EC8A44B167EA}"
EndProject
Project("{2150E333-8FDC-42A3-9474-1A3956D46DE8}") = "2 - Aplicacao", "2 - Aplicacao", "{5C820AB0-FA3E-448D-8C5F-08093F72AE81}"
EndProject
Project("{2150E333-8FDC-42A3-9474-1A3956D46DE8}") = "3 - Dominio", "3 - Dominio", "{66FC58B7-E226-41BB-A7E7-F8A9F4306719}"
EndProject
Project("{2150E333-8FDC-42A3-9474-1A3956D46DE8}") = "4 - Infra", "4 - Infra", "{04137D68-A44D-4B16-96E2-7A1713AEB77A}"
EndProject
Project("{9A19103F-16F7-4668-BE54-9A1E7A4F7556}") = "Pagamentos.Api", "Pagamentos\Servicos\Pagamentos.Api\Pagamentos.Api.csproj", "{CC820FD7-76F5-48D4-BD8F-194646699766}"
EndProject
Project("{2150E333-8FDC-42A3-9474-1A3956D46DE8}") = "Comum", "Comum", "{36407DFC-CC6B-48DD-A250-921CB72072CE}"
EndProject
Project("{2150E333-8FDC-42A3-9474-1A3956D46DE8}") = "Aplicacao", "Aplicacao", "{80E336FE-927A-4807-943A-27F181FF2F96}"
EndProject
Project("{2150E333-8FDC-42A3-9474-1A3956D46DE8}") = "Dominio", "Dominio", "{88645411-6DE8-4333-B2CD-651DDC9F72BE}"
EndProject
Project("{2150E333-8FDC-42A3-9474-1A3956D46DE8}") = "Infra", "Infra", "{EB99869B-716B-41AC-969D-EF95FE8CC727}"
EndProject
Project("{9A19103F-16F7-4668-BE54-9A1E7A4F7556}") = "Comum.Aplicacao", "Comum\Aplicacao\Comum.Aplicacao\Comum.Aplicacao.csproj", "{13E61E65-DF13-4A8C-86C4-B9A320940D02}"
EndProject
Project("{9A19103F-16F7-4668-BE54-9A1E7A4F7556}") = "Comum.Dominio", "Comum\Dominio\Comum.Dominio\Comum.Dominio.csproj", "{9DFAF0C1-AE98-4A23-AA9A-7377F8EEA95D}"
EndProject
Project("{9A19103F-16F7-4668-BE54-9A1E7A4F7556}") = "Comum.Infra", "Comum\Infra\Comum.Infra\Comum.Infra.csproj", "{446613BF-48A4-424F-AFE0-E700C9AE9F9A}"
EndProject
Project("{9A19103F-16F7-4668-BE54-9A1E7A4F7556}") = "Pagamentos.Aplicacao", "Pagamentos\Aplicacao\Pagamentos.Aplicacao\Pagamentos.Aplicacao.csproj", "{2C503363-1211-4DEB-92A3-AEF93D14238D}"
EndProject
Project("{9A19103F-16F7-4668-BE54-9A1E7A4F7556}") = "Pagamentos.Dominio", "Pagamentos\Dominio\Pagamentos.Dominio\Pagamentos.Dominio.csproj", "{FD939767-40AF-42EF-8A05-797F4305B333}"
EndProject
Project("{9A19103F-16F7-4668-BE54-9A1E7A4F7556}") = "Pagamentos.Infra", "Pagamentos\Infra\Pagamentos.Infra\Pagamentos.Infra.csproj", "{F9BC5F40-7382-4EB3-B325-CA359028E797}"
EndProject
Project("{2150E333-8FDC-42A3-9474-1A3956D46DE8}") = "Usuario", "Usuario", "{F9D70784-58B3-47C2-8E21-C14C5856618D}"
EndProject
Project("{2150E333-8FDC-42A3-9474-1A3956D46DE8}") = "Api", "Api", "{4B456634-34F1-40BB-94A9-018152F1EC1A}"
EndProject
Project("{2150E333-8FDC-42A3-9474-1A3956D46DE8}") = "Aplicacao", "Aplicacao", "{F90A78B8-F44E-4189-943C-2BF0EA6BA8D9}"
EndProject
Project("{2150E333-8FDC-42A3-9474-1A3956D46DE8}") = "Dominio", "Dominio", "{12782C99-538C-4DD5-9C99-FA1ACDEB49C7}"
EndProject
Project("{2150E333-8FDC-42A3-9474-1A3956D46DE8}") = "Infra", "Infra", "{B80CB6D1-1ACA-4290-929A-2D87E8EC63A0}"
EndProject
Project("{9A19103F-16F7-4668-BE54-9A1E7A4F7556}") = "Usuario.Api", "Usuario\Api\Usuario.Api\Usuario.Api.csproj", "{9F7D756A-3850-496B-B6BC-08B90C679885}"
EndProject
Project("{9A19103F-16F7-4668-BE54-9A1E7A4F7556}") = "Usuario.Aplicacao", "Usuario\Aplicacao\Usuario.Aplicacao\Usuario.Aplicacao.csproj", "{2D61A965-1781-419D-A494-11C800B454A5}"
EndProject
Project("{9A19103F-16F7-4668-BE54-9A1E7A4F7556}") = "Usuario.Dominio", "Usuario\Dominio\Usuario.Dominio\Usuario.Dominio.csproj", "{4071ED80-D5BD-46B2-ADD5-A6683B0F4FCF}"
EndProject
Project("{9A19103F-16F7-4668-BE54-9A1E7A4F7556}") = "Usuario.Infra", "Usuario\Infra\Usuario.Infra\Usuario.Infra.csproj", "{A51B933B-B669-41E9-9C81-48C7F5F4FDFF}"
EndProject
Global
	GlobalSection(SolutionConfigurationPlatforms) = preSolution
		Debug|Any CPU = Debug|Any CPU
		Release|Any CPU = Release|Any CPU
	EndGlobalSection
	GlobalSection(ProjectConfigurationPlatforms) = postSolution
		{CC820FD7-76F5-48D4-BD8F-194646699766}.Debug|Any CPU.ActiveCfg = Debug|Any CPU
		{CC820FD7-76F5-48D4-BD8F-194646699766}.Debug|Any CPU.Build.0 = Debug|Any CPU
		{CC820FD7-76F5-48D4-BD8F-194646699766}.Release|Any CPU.ActiveCfg = Release|Any CPU
		{CC820FD7-76F5-48D4-BD8F-194646699766}.Release|Any CPU.Build.0 = Release|Any CPU
		{13E61E65-DF13-4A8C-86C4-B9A320940D02}.Debug|Any CPU.ActiveCfg = Debug|Any CPU
		{13E61E65-DF13-4A8C-86C4-B9A320940D02}.Debug|Any CPU.Build.0 = Debug|Any CPU
		{13E61E65-DF13-4A8C-86C4-B9A320940D02}.Release|Any CPU.ActiveCfg = Release|Any CPU
		{13E61E65-DF13-4A8C-86C4-B9A320940D02}.Release|Any CPU.Build.0 = Release|Any CPU
		{9DFAF0C1-AE98-4A23-AA9A-7377F8EEA95D}.Debug|Any CPU.ActiveCfg = Debug|Any CPU
		{9DFAF0C1-AE98-4A23-AA9A-7377F8EEA95D}.Debug|Any CPU.Build.0 = Debug|Any CPU
		{9DFAF0C1-AE98-4A23-AA9A-7377F8EEA95D}.Release|Any CPU.ActiveCfg = Release|Any CPU
		{9DFAF0C1-AE98-4A23-AA9A-7377F8EEA95D}.Release|Any CPU.Build.0 = Release|Any CPU
		{446613BF-48A4-424F-AFE0-E700C9AE9F9A}.Debug|Any CPU.ActiveCfg = Debug|Any CPU
		{446613BF-48A4-424F-AFE0-E700C9AE9F9A}.Debug|Any CPU.Build.0 = Debug|Any CPU
		{446613BF-48A4-424F-AFE0-E700C9AE9F9A}.Release|Any CPU.ActiveCfg = Release|Any CPU
		{446613BF-48A4-424F-AFE0-E700C9AE9F9A}.Release|Any CPU.Build.0 = Release|Any CPU
		{2C503363-1211-4DEB-92A3-AEF93D14238D}.Debug|Any CPU.ActiveCfg = Debug|Any CPU
		{2C503363-1211-4DEB-92A3-AEF93D14238D}.Debug|Any CPU.Build.0 = Debug|Any CPU
		{2C503363-1211-4DEB-92A3-AEF93D14238D}.Release|Any CPU.ActiveCfg = Release|Any CPU
		{2C503363-1211-4DEB-92A3-AEF93D14238D}.Release|Any CPU.Build.0 = Release|Any CPU
		{FD939767-40AF-42EF-8A05-797F4305B333}.Debug|Any CPU.ActiveCfg = Debug|Any CPU
		{FD939767-40AF-42EF-8A05-797F4305B333}.Debug|Any CPU.Build.0 = Debug|Any CPU
		{FD939767-40AF-42EF-8A05-797F4305B333}.Release|Any CPU.ActiveCfg = Release|Any CPU
		{FD939767-40AF-42EF-8A05-797F4305B333}.Release|Any CPU.Build.0 = Release|Any CPU
		{F9BC5F40-7382-4EB3-B325-CA359028E797}.Debug|Any CPU.ActiveCfg = Debug|Any CPU
		{F9BC5F40-7382-4EB3-B325-CA359028E797}.Debug|Any CPU.Build.0 = Debug|Any CPU
		{F9BC5F40-7382-4EB3-B325-CA359028E797}.Release|Any CPU.ActiveCfg = Release|Any CPU
		{F9BC5F40-7382-4EB3-B325-CA359028E797}.Release|Any CPU.Build.0 = Release|Any CPU
		{9F7D756A-3850-496B-B6BC-08B90C679885}.Debug|Any CPU.ActiveCfg = Debug|Any CPU
		{9F7D756A-3850-496B-B6BC-08B90C679885}.Debug|Any CPU.Build.0 = Debug|Any CPU
		{9F7D756A-3850-496B-B6BC-08B90C679885}.Release|Any CPU.ActiveCfg = Release|Any CPU
		{9F7D756A-3850-496B-B6BC-08B90C679885}.Release|Any CPU.Build.0 = Release|Any CPU
		{2D61A965-1781-419D-A494-11C800B454A5}.Debug|Any CPU.ActiveCfg = Debug|Any CPU
		{2D61A965-1781-419D-A494-11C800B454A5}.Debug|Any CPU.Build.0 = Debug|Any CPU
		{2D61A965-1781-419D-A494-11C800B454A5}.Release|Any CPU.ActiveCfg = Release|Any CPU
		{2D61A965-1781-419D-A494-11C800B454A5}.Release|Any CPU.Build.0 = Release|Any CPU
		{4071ED80-D5BD-46B2-ADD5-A6683B0F4FCF}.Debug|Any CPU.ActiveCfg = Debug|Any CPU
		{4071ED80-D5BD-46B2-ADD5-A6683B0F4FCF}.Debug|Any CPU.Build.0 = Debug|Any CPU
		{4071ED80-D5BD-46B2-ADD5-A6683B0F4FCF}.Release|Any CPU.ActiveCfg = Release|Any CPU
		{4071ED80-D5BD-46B2-ADD5-A6683B0F4FCF}.Release|Any CPU.Build.0 = Release|Any CPU
		{A51B933B-B669-41E9-9C81-48C7F5F4FDFF}.Debug|Any CPU.ActiveCfg = Debug|Any CPU
		{A51B933B-B669-41E9-9C81-48C7F5F4FDFF}.Debug|Any CPU.Build.0 = Debug|Any CPU
		{A51B933B-B669-41E9-9C81-48C7F5F4FDFF}.Release|Any CPU.ActiveCfg = Release|Any CPU
		{A51B933B-B669-41E9-9C81-48C7F5F4FDFF}.Release|Any CPU.Build.0 = Release|Any CPU
	EndGlobalSection
	GlobalSection(SolutionProperties) = preSolution
		HideSolutionNode = FALSE
	EndGlobalSection
	GlobalSection(NestedProjects) = preSolution
		{BC16823B-761D-4865-8B3C-EC8A44B167EA} = {415555FE-4CF0-4E12-9360-F2DF909748DB}
		{5C820AB0-FA3E-448D-8C5F-08093F72AE81} = {415555FE-4CF0-4E12-9360-F2DF909748DB}
		{66FC58B7-E226-41BB-A7E7-F8A9F4306719} = {415555FE-4CF0-4E12-9360-F2DF909748DB}
		{04137D68-A44D-4B16-96E2-7A1713AEB77A} = {415555FE-4CF0-4E12-9360-F2DF909748DB}
		{CC820FD7-76F5-48D4-BD8F-194646699766} = {BC16823B-761D-4865-8B3C-EC8A44B167EA}
		{80E336FE-927A-4807-943A-27F181FF2F96} = {36407DFC-CC6B-48DD-A250-921CB72072CE}
		{88645411-6DE8-4333-B2CD-651DDC9F72BE} = {36407DFC-CC6B-48DD-A250-921CB72072CE}
		{EB99869B-716B-41AC-969D-EF95FE8CC727} = {36407DFC-CC6B-48DD-A250-921CB72072CE}
		{13E61E65-DF13-4A8C-86C4-B9A320940D02} = {80E336FE-927A-4807-943A-27F181FF2F96}
		{9DFAF0C1-AE98-4A23-AA9A-7377F8EEA95D} = {88645411-6DE8-4333-B2CD-651DDC9F72BE}
		{446613BF-48A4-424F-AFE0-E700C9AE9F9A} = {EB99869B-716B-41AC-969D-EF95FE8CC727}
		{2C503363-1211-4DEB-92A3-AEF93D14238D} = {5C820AB0-FA3E-448D-8C5F-08093F72AE81}
		{FD939767-40AF-42EF-8A05-797F4305B333} = {66FC58B7-E226-41BB-A7E7-F8A9F4306719}
		{F9BC5F40-7382-4EB3-B325-CA359028E797} = {04137D68-A44D-4B16-96E2-7A1713AEB77A}
		{4B456634-34F1-40BB-94A9-018152F1EC1A} = {F9D70784-58B3-47C2-8E21-C14C5856618D}
		{F90A78B8-F44E-4189-943C-2BF0EA6BA8D9} = {F9D70784-58B3-47C2-8E21-C14C5856618D}
		{12782C99-538C-4DD5-9C99-FA1ACDEB49C7} = {F9D70784-58B3-47C2-8E21-C14C5856618D}
		{B80CB6D1-1ACA-4290-929A-2D87E8EC63A0} = {F9D70784-58B3-47C2-8E21-C14C5856618D}
		{9F7D756A-3850-496B-B6BC-08B90C679885} = {4B456634-34F1-40BB-94A9-018152F1EC1A}
		{2D61A965-1781-419D-A494-11C800B454A5} = {F90A78B8-F44E-4189-943C-2BF0EA6BA8D9}
		{4071ED80-D5BD-46B2-ADD5-A6683B0F4FCF} = {12782C99-538C-4DD5-9C99-FA1ACDEB49C7}
		{A51B933B-B669-41E9-9C81-48C7F5F4FDFF} = {B80CB6D1-1ACA-4290-929A-2D87E8EC63A0}
	EndGlobalSection
	GlobalSection(ExtensibilityGlobals) = postSolution
		SolutionGuid = {85271F08-0AF3-44AB-ABC7-27FA6FE89459}
	EndGlobalSection
EndGlobal
