
Microsoft Visual Studio Solution File, Format Version 12.00
# Visual Studio Version 17
VisualStudioVersion = 17.3.32819.101
MinimumVisualStudioVersion = 10.0.40219.1
Project("{2150E333-8FDC-42A3-9474-1A3956D46DE8}") = "Pagamentos", "Pagamentos", "{415555FE-4CF0-4E12-9360-F2DF909748DB}"
EndProject
Project("{2150E333-8FDC-42A3-9474-1A3956D46DE8}") = "1-Servicos", "1-Servicos", "{BC16823B-761D-4865-8B3C-EC8A44B167EA}"
EndProject
Project("{2150E333-8FDC-42A3-9474-1A3956D46DE8}") = "2-Aplicacao", "2-Aplicacao", "{5C820AB0-FA3E-448D-8C5F-08093F72AE81}"
EndProject
Project("{2150E333-8FDC-42A3-9474-1A3956D46DE8}") = "3-Dominio", "3-Dominio", "{66FC58B7-E226-41BB-A7E7-F8A9F4306719}"
EndProject
Project("{2150E333-8FDC-42A3-9474-1A3956D46DE8}") = "4-Infra", "4-Infra", "{04137D68-A44D-4B16-96E2-7A1713AEB77A}"
EndProject
Project("{9A19103F-16F7-4668-BE54-9A1E7A4F7556}") = "Pagamentos.Api", "Pagamentos\Servicos\Pagamentos.Api\Pagamentos.Api.csproj", "{CC820FD7-76F5-48D4-BD8F-194646699766}"
EndProject
Project("{2150E333-8FDC-42A3-9474-1A3956D46DE8}") = "Comum", "Comum", "{36407DFC-CC6B-48DD-A250-921CB72072CE}"
EndProject
Project("{2150E333-8FDC-42A3-9474-1A3956D46DE8}") = "Aplicacao", "Aplicacao", "{80E336FE-927A-4807-943A-27F181FF2F96}"
EndProject
Project("{2150E333-8FDC-42A3-9474-1A3956D46DE8}") = "Dominio", "Dominio", "{88645411-6DE8-4333-B2CD-651DDC9F72BE}"
EndProject
Project("{2150E333-8FDC-42A3-9474-1A3956D46DE8}") = "Infra", "Infra", "{EB99869B-716B-41AC-969D-EF95FE8CC727}"
EndProject
Project("{FAE04EC0-301F-11D3-BF4B-00C04F79EFBC}") = "Comum.Aplicacao", "Comum\Aplicacao\Comum.Aplicacao\Comum.Aplicacao.csproj", "{13E61E65-DF13-4A8C-86C4-B9A320940D02}"
EndProject
Project("{FAE04EC0-301F-11D3-BF4B-00C04F79EFBC}") = "Comum.Dominio", "Comum\Dominio\Comum.Dominio\Comum.Dominio.csproj", "{9DFAF0C1-AE98-4A23-AA9A-7377F8EEA95D}"
EndProject
Project("{FAE04EC0-301F-11D3-BF4B-00C04F79EFBC}") = "Comum.Infra", "Comum\Infra\Comum.Infra\Comum.Infra.csproj", "{446613BF-48A4-424F-AFE0-E700C9AE9F9A}"
EndProject
Global
	GlobalSection(SolutionConfigurationPlatforms) = preSolution
		Debug|Any CPU = Debug|Any CPU
		Release|Any CPU = Release|Any CPU
	EndGlobalSection
	GlobalSection(ProjectConfigurationPlatforms) = postSolution
		{CC820FD7-76F5-48D4-BD8F-194646699766}.Debug|Any CPU.ActiveCfg = Debug|Any CPU
		{CC820FD7-76F5-48D4-BD8F-194646699766}.Debug|Any CPU.Build.0 = Debug|Any CPU
		{CC820FD7-76F5-48D4-BD8F-194646699766}.Release|Any CPU.ActiveCfg = Release|Any CPU
		{CC820FD7-76F5-48D4-BD8F-194646699766}.Release|Any CPU.Build.0 = Release|Any CPU
		{13E61E65-DF13-4A8C-86C4-B9A320940D02}.Debug|Any CPU.ActiveCfg = Debug|Any CPU
		{13E61E65-DF13-4A8C-86C4-B9A320940D02}.Debug|Any CPU.Build.0 = Debug|Any CPU
		{13E61E65-DF13-4A8C-86C4-B9A320940D02}.Release|Any CPU.ActiveCfg = Release|Any CPU
		{13E61E65-DF13-4A8C-86C4-B9A320940D02}.Release|Any CPU.Build.0 = Release|Any CPU
		{9DFAF0C1-AE98-4A23-AA9A-7377F8EEA95D}.Debug|Any CPU.ActiveCfg = Debug|Any CPU
		{9DFAF0C1-AE98-4A23-AA9A-7377F8EEA95D}.Debug|Any CPU.Build.0 = Debug|Any CPU
		{9DFAF0C1-AE98-4A23-AA9A-7377F8EEA95D}.Release|Any CPU.ActiveCfg = Release|Any CPU
		{9DFAF0C1-AE98-4A23-AA9A-7377F8EEA95D}.Release|Any CPU.Build.0 = Release|Any CPU
		{446613BF-48A4-424F-AFE0-E700C9AE9F9A}.Debug|Any CPU.ActiveCfg = Debug|Any CPU
		{446613BF-48A4-424F-AFE0-E700C9AE9F9A}.Debug|Any CPU.Build.0 = Debug|Any CPU
		{446613BF-48A4-424F-AFE0-E700C9AE9F9A}.Release|Any CPU.ActiveCfg = Release|Any CPU
		{446613BF-48A4-424F-AFE0-E700C9AE9F9A}.Release|Any CPU.Build.0 = Release|Any CPU
	EndGlobalSection
	GlobalSection(SolutionProperties) = preSolution
		HideSolutionNode = FALSE
	EndGlobalSection
	GlobalSection(NestedProjects) = preSolution
		{BC16823B-761D-4865-8B3C-EC8A44B167EA} = {415555FE-4CF0-4E12-9360-F2DF909748DB}
		{5C820AB0-FA3E-448D-8C5F-08093F72AE81} = {415555FE-4CF0-4E12-9360-F2DF909748DB}
		{66FC58B7-E226-41BB-A7E7-F8A9F4306719} = {415555FE-4CF0-4E12-9360-F2DF909748DB}
		{04137D68-A44D-4B16-96E2-7A1713AEB77A} = {415555FE-4CF0-4E12-9360-F2DF909748DB}
		{CC820FD7-76F5-48D4-BD8F-194646699766} = {BC16823B-761D-4865-8B3C-EC8A44B167EA}
		{80E336FE-927A-4807-943A-27F181FF2F96} = {36407DFC-CC6B-48DD-A250-921CB72072CE}
		{88645411-6DE8-4333-B2CD-651DDC9F72BE} = {36407DFC-CC6B-48DD-A250-921CB72072CE}
		{EB99869B-716B-41AC-969D-EF95FE8CC727} = {36407DFC-CC6B-48DD-A250-921CB72072CE}
		{13E61E65-DF13-4A8C-86C4-B9A320940D02} = {80E336FE-927A-4807-943A-27F181FF2F96}
		{9DFAF0C1-AE98-4A23-AA9A-7377F8EEA95D} = {88645411-6DE8-4333-B2CD-651DDC9F72BE}
		{446613BF-48A4-424F-AFE0-E700C9AE9F9A} = {EB99869B-716B-41AC-969D-EF95FE8CC727}
	EndGlobalSection
	GlobalSection(ExtensibilityGlobals) = postSolution
		SolutionGuid = {85271F08-0AF3-44AB-ABC7-27FA6FE89459}
	EndGlobalSection
EndGlobal
